{
  "originHash" : "2e6f1b0e9206478dbf0dd12a35f74562cb1e0efa60df66f116594f050d84c0dd",
  "pins" : [
    {
      "identity" : "llama.swift",
      "kind" : "remoteSourceControl",
      "location" : "https://github.com/mattt/llama.swift",
      "state" : {
        "revision" : "a6f541baff07cfbf90da0a15421d339de971bc58",
        "version" : "1.7484.0"
      }
    }
  ],
  "version" : 3
}
